
Microsoft Visual Studio Solution File, Format Version 12.00
Project("{FAE04EC0-301F-11D3-BF4B-00C04F79EFBC}") = "LeapYearSpecFlowTests", "LeapYearSpecFlowTests\LeapYearSpecFlowTests.csproj", "{11F9417E-CD15-4546-9EB5-A91913FD0F00}"
EndProject
Project("{FAE04EC0-301F-11D3-BF4B-00C04F79EFBC}") = "LeapYearKata.Blazor", "LeapYearKata.Blazor\LeapYearKata.Blazor.csproj", "{C41CC973-E1DA-42BD-869D-E0BA54B50D7F}"
EndProject
Project("{FAE04EC0-301F-11D3-BF4B-00C04F79EFBC}") = "LeapYear.UnitTest", "LeapYear.UnitTest\LeapYear.UnitTest.csproj", "{21497443-2A7D-4E66-9E39-D90210E594B7}"
EndProject
Global
	GlobalSection(SolutionConfigurationPlatforms) = preSolution
		Debug|Any CPU = Debug|Any CPU
		Release|Any CPU = Release|Any CPU
	EndGlobalSection
	GlobalSection(ProjectConfigurationPlatforms) = postSolution
		{11F9417E-CD15-4546-9EB5-A91913FD0F00}.Debug|Any CPU.ActiveCfg = Debug|Any CPU
		{11F9417E-CD15-4546-9EB5-A91913FD0F00}.Debug|Any CPU.Build.0 = Debug|Any CPU
		{11F9417E-CD15-4546-9EB5-A91913FD0F00}.Release|Any CPU.ActiveCfg = Release|Any CPU
		{11F9417E-CD15-4546-9EB5-A91913FD0F00}.Release|Any CPU.Build.0 = Release|Any CPU
		{C41CC973-E1DA-42BD-869D-E0BA54B50D7F}.Debug|Any CPU.ActiveCfg = Debug|Any CPU
		{C41CC973-E1DA-42BD-869D-E0BA54B50D7F}.Debug|Any CPU.Build.0 = Debug|Any CPU
		{C41CC973-E1DA-42BD-869D-E0BA54B50D7F}.Release|Any CPU.ActiveCfg = Release|Any CPU
		{C41CC973-E1DA-42BD-869D-E0BA54B50D7F}.Release|Any CPU.Build.0 = Release|Any CPU
		{21497443-2A7D-4E66-9E39-D90210E594B7}.Debug|Any CPU.ActiveCfg = Debug|Any CPU
		{21497443-2A7D-4E66-9E39-D90210E594B7}.Debug|Any CPU.Build.0 = Debug|Any CPU
		{21497443-2A7D-4E66-9E39-D90210E594B7}.Release|Any CPU.ActiveCfg = Release|Any CPU
		{21497443-2A7D-4E66-9E39-D90210E594B7}.Release|Any CPU.Build.0 = Release|Any CPU
	EndGlobalSection
EndGlobal
